{
  "name": "ShuttleBus",
  "version": "1.0.0",
  "lockfileVersion": 1,
  "requires": true,
  "dependencies": {
    "vant-weapp": {
      "version": "0.5.21",
      "resolved": "https://registry.npmjs.org/vant-weapp/-/vant-weapp-0.5.21.tgz",
      "integrity": "sha512-tp15+yG61+jzTpukLhMOHLoTo9xB+EZ0ajba7HHN5ehqHraVI2RjDTGTGTNcFD396A1QL6tbwsBiuGLG37KZ9w=="
    },
    "weui-miniprogram": {
      "version": "0.2.1",
      "resolved": "https://registry.npmjs.org/weui-miniprogram/-/weui-miniprogram-0.2.1.tgz",
      "integrity": "sha512-Of/r4QwmlzMwvpW9BQHcL/KW3WV5kw+7yxCFSob3UIqMpwLxKHuBrQajuCVkM3CbqxIpc0XWyDYnpCWk3VkLYg=="
    }
  }
}
